
Microsoft Visual Studio Solution File, Format Version 12.00
# Visual Studio Version 17
VisualStudioVersion = 17.0.31919.166
MinimumVisualStudioVersion = 10.0.40219.1
Project("{2150E333-8FDC-42A3-9474-1A3956D46DE8}") = "Hosting", "Hosting", "{4A2CA3DC-2082-42F2-B3FA-67B203397DDB}"
EndProject
Project("{2150E333-8FDC-42A3-9474-1A3956D46DE8}") = "Domain", "Domain", "{9E140917-32C7-4677-A614-910B66BABB90}"
EndProject
Project("{2150E333-8FDC-42A3-9474-1A3956D46DE8}") = "BaseInfo", "BaseInfo", "{61023E70-DE99-4230-A278-1ECBE2844320}"
EndProject
Project("{2150E333-8FDC-42A3-9474-1A3956D46DE8}") = "Platform_YourPostman", "Platform_YourPostman", "{AE09BE81-10F2-4B19-8EFA-FB6C76FE90C0}"
EndProject
Project("{9A19103F-16F7-4668-BE54-9A1E7A4F7556}") = "ThatPlatform.BaseInfo.Domain", "ThatPlatform.BaseInfo.Domain\ThatPlatform.BaseInfo.Domain.csproj", "{180623AE-CF30-43BD-B0D9-76C440009CF7}"
EndProject
Project("{2150E333-8FDC-42A3-9474-1A3956D46DE8}") = "Platform_Ugly", "Platform_Ugly", "{2ADD0F94-BFDB-452B-B3FE-422F60E55BD3}"
EndProject
Project("{2150E333-8FDC-42A3-9474-1A3956D46DE8}") = "Src", "Src", "{810C03AC-F24D-48DF-9AF3-4BE056EA70C3}"
EndProject
Project("{9A19103F-16F7-4668-BE54-9A1E7A4F7556}") = "ThatPlatform.Common", "ThatPlatform.Common\ThatPlatform.Common.csproj", "{1593EEA4-6E47-4251-8FB0-8FCF9148108D}"
EndProject
Project("{2150E333-8FDC-42A3-9474-1A3956D46DE8}") = "Common", "Common", "{33018890-93AD-47CC-A304-AC1ACD31E525}"
EndProject
Project("{9A19103F-16F7-4668-BE54-9A1E7A4F7556}") = "ThatPlatform.Tools.UtilLibrary", "ThatPlatform.Tools.UtilLibrary\ThatPlatform.Tools.UtilLibrary.csproj", "{D7FE4063-0997-452D-8A93-78EAFAD3410A}"
EndProject
Project("{9A19103F-16F7-4668-BE54-9A1E7A4F7556}") = "ThatPlatform.BaseInfo.Applciation", "ThatPlatform.BaseInfo.Applciation\ThatPlatform.BaseInfo.Applciation.csproj", "{E2707681-2EA7-458C-BB59-F242952AA8F7}"
EndProject
Project("{9A19103F-16F7-4668-BE54-9A1E7A4F7556}") = "ThatPlatform.BaseInfo.HttpApi", "ThatPlatform.BaseInfo.HttpApi\ThatPlatform.BaseInfo.HttpApi.csproj", "{FC20FB41-2843-41D5-8ACD-016BD1F397F6}"
EndProject
Project("{9A19103F-16F7-4668-BE54-9A1E7A4F7556}") = "ThatPlatform.Ugly.Applciation", "ThatPlatform.Ugly.Applciation\ThatPlatform.Ugly.Applciation.csproj", "{E62A0CF2-9CFB-480F-A7B0-673CE6C340D1}"
EndProject
Project("{9A19103F-16F7-4668-BE54-9A1E7A4F7556}") = "ThatPlatform.YourPostman.Applciation", "ThatPlatform.YourPostman.Applciation\ThatPlatform.YourPostman.Applciation.csproj", "{2E969821-94AA-4267-8750-C59CC24BD715}"
EndProject
Project("{9A19103F-16F7-4668-BE54-9A1E7A4F7556}") = "ThatPlatform.Core.Web", "ThatPlatform.Core.Web\ThatPlatform.Core.Web.csproj", "{CDEF4BD9-A54F-4080-92A1-927B5FACE59E}"
EndProject
Project("{9A19103F-16F7-4668-BE54-9A1E7A4F7556}") = "ThatPlatform.Infrastructure", "ThatPlatform.Common.Infrastructure\ThatPlatform.Infrastructure.csproj", "{039A51C9-E4E2-41C2-8A73-91DF5A2DBE88}"
EndProject
Project("{9A19103F-16F7-4668-BE54-9A1E7A4F7556}") = "ThatPlatform.Jobs.QuartzNet", "ThatPlatform.Jobs\ThatPlatform.Jobs.QuartzNet.csproj", "{DEDC1390-7B47-482D-88F3-86CE108E402E}"
EndProject
Project("{9A19103F-16F7-4668-BE54-9A1E7A4F7556}") = "ThatPlatform.Logging.Log4Net", "ThatPlatform.Logging.Log4Net\ThatPlatform.Logging.Log4Net.csproj", "{F4273034-587D-41B0-AC17-E8A1F3DAA4FB}"
EndProject
Project("{9A19103F-16F7-4668-BE54-9A1E7A4F7556}") = "ThatPlatform.Middlewares", "ThatPlatform.Middlewares\ThatPlatform.Middlewares.csproj", "{BD0CB82E-C81E-4043-9EB7-64BE0E87AD17}"
EndProject
Project("{9A19103F-16F7-4668-BE54-9A1E7A4F7556}") = "ThatPlatform.Grpc.Client", "ThatPlatform.Grpc\ThatPlatform.Grpc.Client.csproj", "{A80EA55F-C3FC-4E25-BD0F-2760514C3FB5}"
EndProject
Project("{9A19103F-16F7-4668-BE54-9A1E7A4F7556}") = "ThatPlatform.Grpc.Server", "ThatPlatform.Grpc.Server\ThatPlatform.Grpc.Server.csproj", "{9BB2DF3D-232B-4B69-86F2-71B1320B30D4}"
EndProject
Project("{9A19103F-16F7-4668-BE54-9A1E7A4F7556}") = "ThatPlatform.BaseInfo.GrpcApplciation", "ThatPlatform.BaseInfo.GrpcApplciation\ThatPlatform.BaseInfo.GrpcApplciation.csproj", "{DE291D88-AC38-4C05-8AAD-B9CBEC144FDB}"
EndProject
Project("{9A19103F-16F7-4668-BE54-9A1E7A4F7556}") = "ThatPlatform.Ugly.Web", "ThatPlatform.Ugly.Web\ThatPlatform.Ugly.Web.csproj", "{AC949E49-87ED-4A4E-B646-41F42A2DC2AC}"
EndProject
Global
	GlobalSection(SolutionConfigurationPlatforms) = preSolution
		Debug|Any CPU = Debug|Any CPU
		Release|Any CPU = Release|Any CPU
	EndGlobalSection
	GlobalSection(ProjectConfigurationPlatforms) = postSolution
		{180623AE-CF30-43BD-B0D9-76C440009CF7}.Debug|Any CPU.ActiveCfg = Debug|Any CPU
		{180623AE-CF30-43BD-B0D9-76C440009CF7}.Debug|Any CPU.Build.0 = Debug|Any CPU
		{180623AE-CF30-43BD-B0D9-76C440009CF7}.Release|Any CPU.ActiveCfg = Release|Any CPU
		{180623AE-CF30-43BD-B0D9-76C440009CF7}.Release|Any CPU.Build.0 = Release|Any CPU
		{1593EEA4-6E47-4251-8FB0-8FCF9148108D}.Debug|Any CPU.ActiveCfg = Debug|Any CPU
		{1593EEA4-6E47-4251-8FB0-8FCF9148108D}.Debug|Any CPU.Build.0 = Debug|Any CPU
		{1593EEA4-6E47-4251-8FB0-8FCF9148108D}.Release|Any CPU.ActiveCfg = Release|Any CPU
		{1593EEA4-6E47-4251-8FB0-8FCF9148108D}.Release|Any CPU.Build.0 = Release|Any CPU
		{D7FE4063-0997-452D-8A93-78EAFAD3410A}.Debug|Any CPU.ActiveCfg = Debug|Any CPU
		{D7FE4063-0997-452D-8A93-78EAFAD3410A}.Debug|Any CPU.Build.0 = Debug|Any CPU
		{D7FE4063-0997-452D-8A93-78EAFAD3410A}.Release|Any CPU.ActiveCfg = Release|Any CPU
		{D7FE4063-0997-452D-8A93-78EAFAD3410A}.Release|Any CPU.Build.0 = Release|Any CPU
		{E2707681-2EA7-458C-BB59-F242952AA8F7}.Debug|Any CPU.ActiveCfg = Debug|Any CPU
		{E2707681-2EA7-458C-BB59-F242952AA8F7}.Debug|Any CPU.Build.0 = Debug|Any CPU
		{E2707681-2EA7-458C-BB59-F242952AA8F7}.Release|Any CPU.ActiveCfg = Release|Any CPU
		{E2707681-2EA7-458C-BB59-F242952AA8F7}.Release|Any CPU.Build.0 = Release|Any CPU
		{FC20FB41-2843-41D5-8ACD-016BD1F397F6}.Debug|Any CPU.ActiveCfg = Debug|Any CPU
		{FC20FB41-2843-41D5-8ACD-016BD1F397F6}.Debug|Any CPU.Build.0 = Debug|Any CPU
		{FC20FB41-2843-41D5-8ACD-016BD1F397F6}.Release|Any CPU.ActiveCfg = Release|Any CPU
		{FC20FB41-2843-41D5-8ACD-016BD1F397F6}.Release|Any CPU.Build.0 = Release|Any CPU
		{E62A0CF2-9CFB-480F-A7B0-673CE6C340D1}.Debug|Any CPU.ActiveCfg = Debug|Any CPU
		{E62A0CF2-9CFB-480F-A7B0-673CE6C340D1}.Debug|Any CPU.Build.0 = Debug|Any CPU
		{E62A0CF2-9CFB-480F-A7B0-673CE6C340D1}.Release|Any CPU.ActiveCfg = Release|Any CPU
		{E62A0CF2-9CFB-480F-A7B0-673CE6C340D1}.Release|Any CPU.Build.0 = Release|Any CPU
		{2E969821-94AA-4267-8750-C59CC24BD715}.Debug|Any CPU.ActiveCfg = Debug|Any CPU
		{2E969821-94AA-4267-8750-C59CC24BD715}.Debug|Any CPU.Build.0 = Debug|Any CPU
		{2E969821-94AA-4267-8750-C59CC24BD715}.Release|Any CPU.ActiveCfg = Release|Any CPU
		{2E969821-94AA-4267-8750-C59CC24BD715}.Release|Any CPU.Build.0 = Release|Any CPU
		{CDEF4BD9-A54F-4080-92A1-927B5FACE59E}.Debug|Any CPU.ActiveCfg = Debug|Any CPU
		{CDEF4BD9-A54F-4080-92A1-927B5FACE59E}.Debug|Any CPU.Build.0 = Debug|Any CPU
		{CDEF4BD9-A54F-4080-92A1-927B5FACE59E}.Release|Any CPU.ActiveCfg = Release|Any CPU
		{CDEF4BD9-A54F-4080-92A1-927B5FACE59E}.Release|Any CPU.Build.0 = Release|Any CPU
		{039A51C9-E4E2-41C2-8A73-91DF5A2DBE88}.Debug|Any CPU.ActiveCfg = Debug|Any CPU
		{039A51C9-E4E2-41C2-8A73-91DF5A2DBE88}.Debug|Any CPU.Build.0 = Debug|Any CPU
		{039A51C9-E4E2-41C2-8A73-91DF5A2DBE88}.Release|Any CPU.ActiveCfg = Release|Any CPU
		{039A51C9-E4E2-41C2-8A73-91DF5A2DBE88}.Release|Any CPU.Build.0 = Release|Any CPU
		{DEDC1390-7B47-482D-88F3-86CE108E402E}.Debug|Any CPU.ActiveCfg = Debug|Any CPU
		{DEDC1390-7B47-482D-88F3-86CE108E402E}.Debug|Any CPU.Build.0 = Debug|Any CPU
		{DEDC1390-7B47-482D-88F3-86CE108E402E}.Release|Any CPU.ActiveCfg = Release|Any CPU
		{DEDC1390-7B47-482D-88F3-86CE108E402E}.Release|Any CPU.Build.0 = Release|Any CPU
		{F4273034-587D-41B0-AC17-E8A1F3DAA4FB}.Debug|Any CPU.ActiveCfg = Debug|Any CPU
		{F4273034-587D-41B0-AC17-E8A1F3DAA4FB}.Debug|Any CPU.Build.0 = Debug|Any CPU
		{F4273034-587D-41B0-AC17-E8A1F3DAA4FB}.Release|Any CPU.ActiveCfg = Release|Any CPU
		{F4273034-587D-41B0-AC17-E8A1F3DAA4FB}.Release|Any CPU.Build.0 = Release|Any CPU
		{BD0CB82E-C81E-4043-9EB7-64BE0E87AD17}.Debug|Any CPU.ActiveCfg = Debug|Any CPU
		{BD0CB82E-C81E-4043-9EB7-64BE0E87AD17}.Debug|Any CPU.Build.0 = Debug|Any CPU
		{BD0CB82E-C81E-4043-9EB7-64BE0E87AD17}.Release|Any CPU.ActiveCfg = Release|Any CPU
		{BD0CB82E-C81E-4043-9EB7-64BE0E87AD17}.Release|Any CPU.Build.0 = Release|Any CPU
		{A80EA55F-C3FC-4E25-BD0F-2760514C3FB5}.Debug|Any CPU.ActiveCfg = Debug|Any CPU
		{A80EA55F-C3FC-4E25-BD0F-2760514C3FB5}.Debug|Any CPU.Build.0 = Debug|Any CPU
		{A80EA55F-C3FC-4E25-BD0F-2760514C3FB5}.Release|Any CPU.ActiveCfg = Release|Any CPU
		{A80EA55F-C3FC-4E25-BD0F-2760514C3FB5}.Release|Any CPU.Build.0 = Release|Any CPU
		{9BB2DF3D-232B-4B69-86F2-71B1320B30D4}.Debug|Any CPU.ActiveCfg = Debug|Any CPU
		{9BB2DF3D-232B-4B69-86F2-71B1320B30D4}.Debug|Any CPU.Build.0 = Debug|Any CPU
		{9BB2DF3D-232B-4B69-86F2-71B1320B30D4}.Release|Any CPU.ActiveCfg = Release|Any CPU
		{9BB2DF3D-232B-4B69-86F2-71B1320B30D4}.Release|Any CPU.Build.0 = Release|Any CPU
		{DE291D88-AC38-4C05-8AAD-B9CBEC144FDB}.Debug|Any CPU.ActiveCfg = Debug|Any CPU
		{DE291D88-AC38-4C05-8AAD-B9CBEC144FDB}.Debug|Any CPU.Build.0 = Debug|Any CPU
		{DE291D88-AC38-4C05-8AAD-B9CBEC144FDB}.Release|Any CPU.ActiveCfg = Release|Any CPU
		{DE291D88-AC38-4C05-8AAD-B9CBEC144FDB}.Release|Any CPU.Build.0 = Release|Any CPU
		{AC949E49-87ED-4A4E-B646-41F42A2DC2AC}.Debug|Any CPU.ActiveCfg = Debug|Any CPU
		{AC949E49-87ED-4A4E-B646-41F42A2DC2AC}.Debug|Any CPU.Build.0 = Debug|Any CPU
		{AC949E49-87ED-4A4E-B646-41F42A2DC2AC}.Release|Any CPU.ActiveCfg = Release|Any CPU
		{AC949E49-87ED-4A4E-B646-41F42A2DC2AC}.Release|Any CPU.Build.0 = Release|Any CPU
	EndGlobalSection
	GlobalSection(SolutionProperties) = preSolution
		HideSolutionNode = FALSE
	EndGlobalSection
	GlobalSection(NestedProjects) = preSolution
		{4A2CA3DC-2082-42F2-B3FA-67B203397DDB} = {810C03AC-F24D-48DF-9AF3-4BE056EA70C3}
		{9E140917-32C7-4677-A614-910B66BABB90} = {810C03AC-F24D-48DF-9AF3-4BE056EA70C3}
		{61023E70-DE99-4230-A278-1ECBE2844320} = {9E140917-32C7-4677-A614-910B66BABB90}
		{AE09BE81-10F2-4B19-8EFA-FB6C76FE90C0} = {9E140917-32C7-4677-A614-910B66BABB90}
		{180623AE-CF30-43BD-B0D9-76C440009CF7} = {61023E70-DE99-4230-A278-1ECBE2844320}
		{2ADD0F94-BFDB-452B-B3FE-422F60E55BD3} = {9E140917-32C7-4677-A614-910B66BABB90}
		{1593EEA4-6E47-4251-8FB0-8FCF9148108D} = {33018890-93AD-47CC-A304-AC1ACD31E525}
		{33018890-93AD-47CC-A304-AC1ACD31E525} = {810C03AC-F24D-48DF-9AF3-4BE056EA70C3}
		{D7FE4063-0997-452D-8A93-78EAFAD3410A} = {33018890-93AD-47CC-A304-AC1ACD31E525}
		{E2707681-2EA7-458C-BB59-F242952AA8F7} = {61023E70-DE99-4230-A278-1ECBE2844320}
		{FC20FB41-2843-41D5-8ACD-016BD1F397F6} = {61023E70-DE99-4230-A278-1ECBE2844320}
		{E62A0CF2-9CFB-480F-A7B0-673CE6C340D1} = {2ADD0F94-BFDB-452B-B3FE-422F60E55BD3}
		{2E969821-94AA-4267-8750-C59CC24BD715} = {AE09BE81-10F2-4B19-8EFA-FB6C76FE90C0}
		{CDEF4BD9-A54F-4080-92A1-927B5FACE59E} = {4A2CA3DC-2082-42F2-B3FA-67B203397DDB}
		{039A51C9-E4E2-41C2-8A73-91DF5A2DBE88} = {33018890-93AD-47CC-A304-AC1ACD31E525}
		{DEDC1390-7B47-482D-88F3-86CE108E402E} = {33018890-93AD-47CC-A304-AC1ACD31E525}
		{F4273034-587D-41B0-AC17-E8A1F3DAA4FB} = {33018890-93AD-47CC-A304-AC1ACD31E525}
		{BD0CB82E-C81E-4043-9EB7-64BE0E87AD17} = {33018890-93AD-47CC-A304-AC1ACD31E525}
		{A80EA55F-C3FC-4E25-BD0F-2760514C3FB5} = {33018890-93AD-47CC-A304-AC1ACD31E525}
		{9BB2DF3D-232B-4B69-86F2-71B1320B30D4} = {33018890-93AD-47CC-A304-AC1ACD31E525}
		{DE291D88-AC38-4C05-8AAD-B9CBEC144FDB} = {61023E70-DE99-4230-A278-1ECBE2844320}
		{AC949E49-87ED-4A4E-B646-41F42A2DC2AC} = {4A2CA3DC-2082-42F2-B3FA-67B203397DDB}
	EndGlobalSection
	GlobalSection(ExtensibilityGlobals) = postSolution
		SolutionGuid = {48D4C4BC-746F-4767-959F-CB1A9FAD11C8}
	EndGlobalSection
EndGlobal
