
Microsoft Visual Studio Solution File, Format Version 12.00
# Visual Studio Version 17
VisualStudioVersion = 17.0.31919.166
MinimumVisualStudioVersion = 10.0.40219.1
Project("{2150E333-8FDC-42A3-9474-1A3956D46DE8}") = "Component", "Component", "{0CA5A09A-1517-43B4-AC25-898E6D96F307}"
EndProject
Project("{9A19103F-16F7-4668-BE54-9A1E7A4F7556}") = "Tpf.Grpc.Client", "Component\Tpf.Grpc.Client\Tpf.Grpc.Client.csproj", "{A80EA55F-C3FC-4E25-BD0F-2760514C3FB5}"
EndProject
Project("{9A19103F-16F7-4668-BE54-9A1E7A4F7556}") = "Tpf.Grpc.Server", "Component\Tpf.Grpc.Server\Tpf.Grpc.Server.csproj", "{9BB2DF3D-232B-4B69-86F2-71B1320B30D4}"
EndProject
Project("{9A19103F-16F7-4668-BE54-9A1E7A4F7556}") = "Tpf.Jobs.QuartzNet", "Component\Tpf.Jobs.QuartzNet\Tpf.Jobs.QuartzNet.csproj", "{DEDC1390-7B47-482D-88F3-86CE108E402E}"
EndProject
Project("{9A19103F-16F7-4668-BE54-9A1E7A4F7556}") = "Tpf.Log.Log4Net", "Component\Tpf.Logging.Log4Net\Tpf.Log.Log4Net.csproj", "{F4273034-587D-41B0-AC17-E8A1F3DAA4FB}"
EndProject
Project("{2150E333-8FDC-42A3-9474-1A3956D46DE8}") = "Domain", "Domain", "{9E140917-32C7-4677-A614-910B66BABB90}"
EndProject
Project("{2150E333-8FDC-42A3-9474-1A3956D46DE8}") = "BaseInfo", "BaseInfo", "{61023E70-DE99-4230-A278-1ECBE2844320}"
EndProject
Project("{9A19103F-16F7-4668-BE54-9A1E7A4F7556}") = "Tpf.BaseInfo.Applciation", "Domain\BaseInfo\Tpf.BaseInfo.Applciation\Tpf.BaseInfo.Applciation.csproj", "{E2707681-2EA7-458C-BB59-F242952AA8F7}"
EndProject
Project("{9A19103F-16F7-4668-BE54-9A1E7A4F7556}") = "Tpf.BaseInfo.Domain", "Domain\BaseInfo\Tpf.BaseInfo.Domain\Tpf.BaseInfo.Domain.csproj", "{180623AE-CF30-43BD-B0D9-76C440009CF7}"
EndProject
Project("{9A19103F-16F7-4668-BE54-9A1E7A4F7556}") = "Tpf.BaseInfo.GrpcApplciation", "Domain\BaseInfo\Tpf.BaseInfo.GrpcApplciation\Tpf.BaseInfo.GrpcApplciation.csproj", "{DE291D88-AC38-4C05-8AAD-B9CBEC144FDB}"
EndProject
Project("{2150E333-8FDC-42A3-9474-1A3956D46DE8}") = "Platform_Ugly", "Platform_Ugly", "{2ADD0F94-BFDB-452B-B3FE-422F60E55BD3}"
EndProject
Project("{9A19103F-16F7-4668-BE54-9A1E7A4F7556}") = "Tpf.Ugly.Applciation", "Domain\Platform_Ugly\Tpf.Ugly.Applciation\Tpf.Ugly.Applciation.csproj", "{E62A0CF2-9CFB-480F-A7B0-673CE6C340D1}"
EndProject
Project("{2150E333-8FDC-42A3-9474-1A3956D46DE8}") = "Platform_YourPostman", "Platform_YourPostman", "{AE09BE81-10F2-4B19-8EFA-FB6C76FE90C0}"
EndProject
Project("{9A19103F-16F7-4668-BE54-9A1E7A4F7556}") = "Tpf.YourPostman.Applciation", "Domain\Platform_YourPostman\Tpf.YourPostman.Applciation\Tpf.YourPostman.Applciation.csproj", "{2E969821-94AA-4267-8750-C59CC24BD715}"
EndProject
Project("{2150E333-8FDC-42A3-9474-1A3956D46DE8}") = "Hosting", "Hosting", "{4A2CA3DC-2082-42F2-B3FA-67B203397DDB}"
EndProject
Project("{9A19103F-16F7-4668-BE54-9A1E7A4F7556}") = "Tpf.Core.Api", "Hosting\Tpf.Core.Api\Tpf.Core.Api.csproj", "{CDEF4BD9-A54F-4080-92A1-927B5FACE59E}"
EndProject
Project("{9A19103F-16F7-4668-BE54-9A1E7A4F7556}") = "Tpf.Ugly.Api", "Hosting\Tpf.Ugly.Api\Tpf.Ugly.Api.csproj", "{AC949E49-87ED-4A4E-B646-41F42A2DC2AC}"
EndProject
Project("{2150E333-8FDC-42A3-9474-1A3956D46DE8}") = "Shared", "Shared", "{90118215-CC2F-44A3-A214-43548BA5AF4A}"
EndProject
Project("{2150E333-8FDC-42A3-9474-1A3956D46DE8}") = "Middlewares", "Middlewares", "{E8382516-DB8F-4537-9131-F7ACA1791C6C}"
EndProject
Project("{9A19103F-16F7-4668-BE54-9A1E7A4F7556}") = "Tpf.Middlewares", "Shared\Middlewares\Tpf.Middlewares\Tpf.Middlewares.csproj", "{BD0CB82E-C81E-4043-9EB7-64BE0E87AD17}"
EndProject
Project("{2150E333-8FDC-42A3-9474-1A3956D46DE8}") = "ORM", "ORM", "{6F3C3BA6-30B7-4955-8D51-2C2C31CE1357}"
EndProject
Project("{9A19103F-16F7-4668-BE54-9A1E7A4F7556}") = "Tpf.ORM.EntityFrameworkCore", "Shared\ORM\Tpf.ORM.EntityFrameworkCore\Tpf.ORM.EntityFrameworkCore.csproj", "{CAEA6ADD-7EC3-4212-84FC-4BBD92003F1A}"
EndProject
Project("{9A19103F-16F7-4668-BE54-9A1E7A4F7556}") = "Tpf.ORM.Dapper", "Shared\ORM\Tpf.ORM.Dapper\Tpf.ORM.Dapper.csproj", "{C9083F16-7593-4228-8757-FD915207953B}"
EndProject
Project("{9A19103F-16F7-4668-BE54-9A1E7A4F7556}") = "Tpf.ORM.SqlSugar", "Shared\ORM\Tpf.ORM.SqlSugar\Tpf.ORM.SqlSugar.csproj", "{9136D849-E2E7-4F75-8987-F07250447AE7}"
EndProject
Project("{2150E333-8FDC-42A3-9474-1A3956D46DE8}") = "Utils", "Utils", "{9331582C-7E43-4B63-901A-13FF4E1ACA5E}"
EndProject
Project("{9A19103F-16F7-4668-BE54-9A1E7A4F7556}") = "Tpf.Utils", "Shared\Utils\Tpf.Utils\Tpf.Utils.csproj", "{DB5247BE-71E0-4F5B-8B8D-AFD3D60C5CC4}"
EndProject
Project("{2150E333-8FDC-42A3-9474-1A3956D46DE8}") = "Common", "Common", "{600A2158-A297-4F5C-AFFF-64920DF4D473}"
EndProject
Project("{9A19103F-16F7-4668-BE54-9A1E7A4F7556}") = "Tpf.Common", "Shared\Common\Tpf.Common\Tpf.Common.csproj", "{039A51C9-E4E2-41C2-8A73-91DF5A2DBE88}"
EndProject
Project("{9A19103F-16F7-4668-BE54-9A1E7A4F7556}") = "Tpf.Domain.Base.Domain", "Domain\Base\Tpf.Domain.Base.Domain\Tpf.Domain.Base.Domain.csproj", "{B94D5E30-B500-41E5-9721-8AF13C8D5E4D}"
EndProject
Project("{2150E333-8FDC-42A3-9474-1A3956D46DE8}") = "Base", "Base", "{400DF086-A9AA-47D3-A2DF-195624A802D8}"
EndProject
Project("{9A19103F-16F7-4668-BE54-9A1E7A4F7556}") = "Tpf.Domain.Base.Application", "Domain\Base\Tpf.Domain.Base.Application\Tpf.Domain.Base.Application.csproj", "{B635AD1C-D99A-4150-8BAD-F1B6D35F225D}"
EndProject
Project("{9A19103F-16F7-4668-BE54-9A1E7A4F7556}") = "Tpf.Domain.Base.Application.Contacts", "Domain\Base\Tpf.Domain.Base.Application.Contacts\Tpf.Domain.Base.Application.Contacts.csproj", "{C6B94798-7DBC-4013-9F71-53BC6359DBF6}"
EndProject
Project("{9A19103F-16F7-4668-BE54-9A1E7A4F7556}") = "Tpf.Domain.Base.Reposiotry", "Domain\Base\Tpf.Domain.Base.Reposiotry\Tpf.Domain.Base.Reposiotry.csproj", "{7FEF7A11-1FEA-477D-BFA7-CC73E29FAAF9}"
EndProject
Project("{2150E333-8FDC-42A3-9474-1A3956D46DE8}") = "Test", "Test", "{90B44DDA-2CAF-4D81-8CC8-81712717A70C}"
EndProject
Project("{9A19103F-16F7-4668-BE54-9A1E7A4F7556}") = "Tpf.Domain.BaseInfo.Test", "Test\Tpf.Domain.BaseInfo.Test\Tpf.Domain.BaseInfo.Test.csproj", "{D6DAC190-D026-48AC-BC44-F9828DC48FDD}"
EndProject
Project("{9A19103F-16F7-4668-BE54-9A1E7A4F7556}") = "Tpf.ORM.MongoDB", "Shared\ORM\Tpf.ORM.MongoDB\Tpf.ORM.MongoDB.csproj", "{EE33E836-C2A9-4D4F-B59D-D71EF4FA8C2E}"
EndProject
Project("{9A19103F-16F7-4668-BE54-9A1E7A4F7556}") = "Tpf.ORM.BaseRepository", "Shared\ORM\Tpf.ORM.BaseReposiotry\Tpf.ORM.BaseRepository.csproj", "{D105150F-F215-48E8-898F-5485C20239FB}"
EndProject
Project("{FAE04EC0-301F-11D3-BF4B-00C04F79EFBC}") = "Tpf.Domain.Base.HttpApi", "Domain\Base\Tpf.Domain.Base.HttpApi\Tpf.Domain.Base.HttpApi\Tpf.Domain.Base.HttpApi.csproj", "{535F46BB-F00B-4048-AA31-870C18494EA7}"
EndProject
Project("{9A19103F-16F7-4668-BE54-9A1E7A4F7556}") = "Tpf.BaseInfo.HttpApi", "Domain\BaseInfo\Tpf.BaseInfo.HttpApi\Tpf.BaseInfo.HttpApi.csproj", "{0D0344BC-8255-418C-B189-8BAFB96C2426}"
EndProject
Global
	GlobalSection(SolutionConfigurationPlatforms) = preSolution
		Debug|Any CPU = Debug|Any CPU
		Release|Any CPU = Release|Any CPU
	EndGlobalSection
	GlobalSection(ProjectConfigurationPlatforms) = postSolution
		{A80EA55F-C3FC-4E25-BD0F-2760514C3FB5}.Debug|Any CPU.ActiveCfg = Debug|Any CPU
		{A80EA55F-C3FC-4E25-BD0F-2760514C3FB5}.Debug|Any CPU.Build.0 = Debug|Any CPU
		{A80EA55F-C3FC-4E25-BD0F-2760514C3FB5}.Release|Any CPU.ActiveCfg = Release|Any CPU
		{A80EA55F-C3FC-4E25-BD0F-2760514C3FB5}.Release|Any CPU.Build.0 = Release|Any CPU
		{9BB2DF3D-232B-4B69-86F2-71B1320B30D4}.Debug|Any CPU.ActiveCfg = Debug|Any CPU
		{9BB2DF3D-232B-4B69-86F2-71B1320B30D4}.Debug|Any CPU.Build.0 = Debug|Any CPU
		{9BB2DF3D-232B-4B69-86F2-71B1320B30D4}.Release|Any CPU.ActiveCfg = Release|Any CPU
		{9BB2DF3D-232B-4B69-86F2-71B1320B30D4}.Release|Any CPU.Build.0 = Release|Any CPU
		{DEDC1390-7B47-482D-88F3-86CE108E402E}.Debug|Any CPU.ActiveCfg = Debug|Any CPU
		{DEDC1390-7B47-482D-88F3-86CE108E402E}.Debug|Any CPU.Build.0 = Debug|Any CPU
		{DEDC1390-7B47-482D-88F3-86CE108E402E}.Release|Any CPU.ActiveCfg = Release|Any CPU
		{DEDC1390-7B47-482D-88F3-86CE108E402E}.Release|Any CPU.Build.0 = Release|Any CPU
		{F4273034-587D-41B0-AC17-E8A1F3DAA4FB}.Debug|Any CPU.ActiveCfg = Debug|Any CPU
		{F4273034-587D-41B0-AC17-E8A1F3DAA4FB}.Debug|Any CPU.Build.0 = Debug|Any CPU
		{F4273034-587D-41B0-AC17-E8A1F3DAA4FB}.Release|Any CPU.ActiveCfg = Release|Any CPU
		{F4273034-587D-41B0-AC17-E8A1F3DAA4FB}.Release|Any CPU.Build.0 = Release|Any CPU
		{E2707681-2EA7-458C-BB59-F242952AA8F7}.Debug|Any CPU.ActiveCfg = Debug|Any CPU
		{E2707681-2EA7-458C-BB59-F242952AA8F7}.Debug|Any CPU.Build.0 = Debug|Any CPU
		{E2707681-2EA7-458C-BB59-F242952AA8F7}.Release|Any CPU.ActiveCfg = Release|Any CPU
		{E2707681-2EA7-458C-BB59-F242952AA8F7}.Release|Any CPU.Build.0 = Release|Any CPU
		{180623AE-CF30-43BD-B0D9-76C440009CF7}.Debug|Any CPU.ActiveCfg = Debug|Any CPU
		{180623AE-CF30-43BD-B0D9-76C440009CF7}.Debug|Any CPU.Build.0 = Debug|Any CPU
		{180623AE-CF30-43BD-B0D9-76C440009CF7}.Release|Any CPU.ActiveCfg = Release|Any CPU
		{180623AE-CF30-43BD-B0D9-76C440009CF7}.Release|Any CPU.Build.0 = Release|Any CPU
		{DE291D88-AC38-4C05-8AAD-B9CBEC144FDB}.Debug|Any CPU.ActiveCfg = Debug|Any CPU
		{DE291D88-AC38-4C05-8AAD-B9CBEC144FDB}.Debug|Any CPU.Build.0 = Debug|Any CPU
		{DE291D88-AC38-4C05-8AAD-B9CBEC144FDB}.Release|Any CPU.ActiveCfg = Release|Any CPU
		{DE291D88-AC38-4C05-8AAD-B9CBEC144FDB}.Release|Any CPU.Build.0 = Release|Any CPU
		{E62A0CF2-9CFB-480F-A7B0-673CE6C340D1}.Debug|Any CPU.ActiveCfg = Debug|Any CPU
		{E62A0CF2-9CFB-480F-A7B0-673CE6C340D1}.Debug|Any CPU.Build.0 = Debug|Any CPU
		{E62A0CF2-9CFB-480F-A7B0-673CE6C340D1}.Release|Any CPU.ActiveCfg = Release|Any CPU
		{E62A0CF2-9CFB-480F-A7B0-673CE6C340D1}.Release|Any CPU.Build.0 = Release|Any CPU
		{2E969821-94AA-4267-8750-C59CC24BD715}.Debug|Any CPU.ActiveCfg = Debug|Any CPU
		{2E969821-94AA-4267-8750-C59CC24BD715}.Debug|Any CPU.Build.0 = Debug|Any CPU
		{2E969821-94AA-4267-8750-C59CC24BD715}.Release|Any CPU.ActiveCfg = Release|Any CPU
		{2E969821-94AA-4267-8750-C59CC24BD715}.Release|Any CPU.Build.0 = Release|Any CPU
		{CDEF4BD9-A54F-4080-92A1-927B5FACE59E}.Debug|Any CPU.ActiveCfg = Debug|Any CPU
		{CDEF4BD9-A54F-4080-92A1-927B5FACE59E}.Debug|Any CPU.Build.0 = Debug|Any CPU
		{CDEF4BD9-A54F-4080-92A1-927B5FACE59E}.Release|Any CPU.ActiveCfg = Release|Any CPU
		{CDEF4BD9-A54F-4080-92A1-927B5FACE59E}.Release|Any CPU.Build.0 = Release|Any CPU
		{AC949E49-87ED-4A4E-B646-41F42A2DC2AC}.Debug|Any CPU.ActiveCfg = Debug|Any CPU
		{AC949E49-87ED-4A4E-B646-41F42A2DC2AC}.Debug|Any CPU.Build.0 = Debug|Any CPU
		{AC949E49-87ED-4A4E-B646-41F42A2DC2AC}.Release|Any CPU.ActiveCfg = Release|Any CPU
		{AC949E49-87ED-4A4E-B646-41F42A2DC2AC}.Release|Any CPU.Build.0 = Release|Any CPU
		{BD0CB82E-C81E-4043-9EB7-64BE0E87AD17}.Debug|Any CPU.ActiveCfg = Debug|Any CPU
		{BD0CB82E-C81E-4043-9EB7-64BE0E87AD17}.Debug|Any CPU.Build.0 = Debug|Any CPU
		{BD0CB82E-C81E-4043-9EB7-64BE0E87AD17}.Release|Any CPU.ActiveCfg = Release|Any CPU
		{BD0CB82E-C81E-4043-9EB7-64BE0E87AD17}.Release|Any CPU.Build.0 = Release|Any CPU
		{CAEA6ADD-7EC3-4212-84FC-4BBD92003F1A}.Debug|Any CPU.ActiveCfg = Debug|Any CPU
		{CAEA6ADD-7EC3-4212-84FC-4BBD92003F1A}.Debug|Any CPU.Build.0 = Debug|Any CPU
		{CAEA6ADD-7EC3-4212-84FC-4BBD92003F1A}.Release|Any CPU.ActiveCfg = Release|Any CPU
		{CAEA6ADD-7EC3-4212-84FC-4BBD92003F1A}.Release|Any CPU.Build.0 = Release|Any CPU
		{C9083F16-7593-4228-8757-FD915207953B}.Debug|Any CPU.ActiveCfg = Debug|Any CPU
		{C9083F16-7593-4228-8757-FD915207953B}.Debug|Any CPU.Build.0 = Debug|Any CPU
		{C9083F16-7593-4228-8757-FD915207953B}.Release|Any CPU.ActiveCfg = Release|Any CPU
		{C9083F16-7593-4228-8757-FD915207953B}.Release|Any CPU.Build.0 = Release|Any CPU
		{9136D849-E2E7-4F75-8987-F07250447AE7}.Debug|Any CPU.ActiveCfg = Debug|Any CPU
		{9136D849-E2E7-4F75-8987-F07250447AE7}.Debug|Any CPU.Build.0 = Debug|Any CPU
		{9136D849-E2E7-4F75-8987-F07250447AE7}.Release|Any CPU.ActiveCfg = Release|Any CPU
		{9136D849-E2E7-4F75-8987-F07250447AE7}.Release|Any CPU.Build.0 = Release|Any CPU
		{DB5247BE-71E0-4F5B-8B8D-AFD3D60C5CC4}.Debug|Any CPU.ActiveCfg = Debug|Any CPU
		{DB5247BE-71E0-4F5B-8B8D-AFD3D60C5CC4}.Debug|Any CPU.Build.0 = Debug|Any CPU
		{DB5247BE-71E0-4F5B-8B8D-AFD3D60C5CC4}.Release|Any CPU.ActiveCfg = Release|Any CPU
		{DB5247BE-71E0-4F5B-8B8D-AFD3D60C5CC4}.Release|Any CPU.Build.0 = Release|Any CPU
		{039A51C9-E4E2-41C2-8A73-91DF5A2DBE88}.Debug|Any CPU.ActiveCfg = Debug|Any CPU
		{039A51C9-E4E2-41C2-8A73-91DF5A2DBE88}.Debug|Any CPU.Build.0 = Debug|Any CPU
		{039A51C9-E4E2-41C2-8A73-91DF5A2DBE88}.Release|Any CPU.ActiveCfg = Release|Any CPU
		{039A51C9-E4E2-41C2-8A73-91DF5A2DBE88}.Release|Any CPU.Build.0 = Release|Any CPU
		{B94D5E30-B500-41E5-9721-8AF13C8D5E4D}.Debug|Any CPU.ActiveCfg = Debug|Any CPU
		{B94D5E30-B500-41E5-9721-8AF13C8D5E4D}.Debug|Any CPU.Build.0 = Debug|Any CPU
		{B94D5E30-B500-41E5-9721-8AF13C8D5E4D}.Release|Any CPU.ActiveCfg = Release|Any CPU
		{B94D5E30-B500-41E5-9721-8AF13C8D5E4D}.Release|Any CPU.Build.0 = Release|Any CPU
		{B635AD1C-D99A-4150-8BAD-F1B6D35F225D}.Debug|Any CPU.ActiveCfg = Debug|Any CPU
		{B635AD1C-D99A-4150-8BAD-F1B6D35F225D}.Debug|Any CPU.Build.0 = Debug|Any CPU
		{B635AD1C-D99A-4150-8BAD-F1B6D35F225D}.Release|Any CPU.ActiveCfg = Release|Any CPU
		{B635AD1C-D99A-4150-8BAD-F1B6D35F225D}.Release|Any CPU.Build.0 = Release|Any CPU
		{C6B94798-7DBC-4013-9F71-53BC6359DBF6}.Debug|Any CPU.ActiveCfg = Debug|Any CPU
		{C6B94798-7DBC-4013-9F71-53BC6359DBF6}.Debug|Any CPU.Build.0 = Debug|Any CPU
		{C6B94798-7DBC-4013-9F71-53BC6359DBF6}.Release|Any CPU.ActiveCfg = Release|Any CPU
		{C6B94798-7DBC-4013-9F71-53BC6359DBF6}.Release|Any CPU.Build.0 = Release|Any CPU
		{7FEF7A11-1FEA-477D-BFA7-CC73E29FAAF9}.Debug|Any CPU.ActiveCfg = Debug|Any CPU
		{7FEF7A11-1FEA-477D-BFA7-CC73E29FAAF9}.Debug|Any CPU.Build.0 = Debug|Any CPU
		{7FEF7A11-1FEA-477D-BFA7-CC73E29FAAF9}.Release|Any CPU.ActiveCfg = Release|Any CPU
		{7FEF7A11-1FEA-477D-BFA7-CC73E29FAAF9}.Release|Any CPU.Build.0 = Release|Any CPU
		{D6DAC190-D026-48AC-BC44-F9828DC48FDD}.Debug|Any CPU.ActiveCfg = Debug|Any CPU
		{D6DAC190-D026-48AC-BC44-F9828DC48FDD}.Debug|Any CPU.Build.0 = Debug|Any CPU
		{D6DAC190-D026-48AC-BC44-F9828DC48FDD}.Release|Any CPU.ActiveCfg = Release|Any CPU
		{D6DAC190-D026-48AC-BC44-F9828DC48FDD}.Release|Any CPU.Build.0 = Release|Any CPU
		{EE33E836-C2A9-4D4F-B59D-D71EF4FA8C2E}.Debug|Any CPU.ActiveCfg = Debug|Any CPU
		{EE33E836-C2A9-4D4F-B59D-D71EF4FA8C2E}.Debug|Any CPU.Build.0 = Debug|Any CPU
		{EE33E836-C2A9-4D4F-B59D-D71EF4FA8C2E}.Release|Any CPU.ActiveCfg = Release|Any CPU
		{EE33E836-C2A9-4D4F-B59D-D71EF4FA8C2E}.Release|Any CPU.Build.0 = Release|Any CPU
		{D105150F-F215-48E8-898F-5485C20239FB}.Debug|Any CPU.ActiveCfg = Debug|Any CPU
		{D105150F-F215-48E8-898F-5485C20239FB}.Debug|Any CPU.Build.0 = Debug|Any CPU
		{D105150F-F215-48E8-898F-5485C20239FB}.Release|Any CPU.ActiveCfg = Release|Any CPU
		{D105150F-F215-48E8-898F-5485C20239FB}.Release|Any CPU.Build.0 = Release|Any CPU
		{535F46BB-F00B-4048-AA31-870C18494EA7}.Debug|Any CPU.ActiveCfg = Debug|Any CPU
		{535F46BB-F00B-4048-AA31-870C18494EA7}.Debug|Any CPU.Build.0 = Debug|Any CPU
		{535F46BB-F00B-4048-AA31-870C18494EA7}.Release|Any CPU.ActiveCfg = Release|Any CPU
		{535F46BB-F00B-4048-AA31-870C18494EA7}.Release|Any CPU.Build.0 = Release|Any CPU
		{0D0344BC-8255-418C-B189-8BAFB96C2426}.Debug|Any CPU.ActiveCfg = Debug|Any CPU
		{0D0344BC-8255-418C-B189-8BAFB96C2426}.Debug|Any CPU.Build.0 = Debug|Any CPU
		{0D0344BC-8255-418C-B189-8BAFB96C2426}.Release|Any CPU.ActiveCfg = Release|Any CPU
		{0D0344BC-8255-418C-B189-8BAFB96C2426}.Release|Any CPU.Build.0 = Release|Any CPU
	EndGlobalSection
	GlobalSection(SolutionProperties) = preSolution
		HideSolutionNode = FALSE
	EndGlobalSection
	GlobalSection(NestedProjects) = preSolution
		{A80EA55F-C3FC-4E25-BD0F-2760514C3FB5} = {0CA5A09A-1517-43B4-AC25-898E6D96F307}
		{9BB2DF3D-232B-4B69-86F2-71B1320B30D4} = {0CA5A09A-1517-43B4-AC25-898E6D96F307}
		{DEDC1390-7B47-482D-88F3-86CE108E402E} = {0CA5A09A-1517-43B4-AC25-898E6D96F307}
		{F4273034-587D-41B0-AC17-E8A1F3DAA4FB} = {0CA5A09A-1517-43B4-AC25-898E6D96F307}
		{61023E70-DE99-4230-A278-1ECBE2844320} = {9E140917-32C7-4677-A614-910B66BABB90}
		{E2707681-2EA7-458C-BB59-F242952AA8F7} = {61023E70-DE99-4230-A278-1ECBE2844320}
		{180623AE-CF30-43BD-B0D9-76C440009CF7} = {61023E70-DE99-4230-A278-1ECBE2844320}
		{DE291D88-AC38-4C05-8AAD-B9CBEC144FDB} = {61023E70-DE99-4230-A278-1ECBE2844320}
		{2ADD0F94-BFDB-452B-B3FE-422F60E55BD3} = {9E140917-32C7-4677-A614-910B66BABB90}
		{E62A0CF2-9CFB-480F-A7B0-673CE6C340D1} = {2ADD0F94-BFDB-452B-B3FE-422F60E55BD3}
		{AE09BE81-10F2-4B19-8EFA-FB6C76FE90C0} = {9E140917-32C7-4677-A614-910B66BABB90}
		{2E969821-94AA-4267-8750-C59CC24BD715} = {AE09BE81-10F2-4B19-8EFA-FB6C76FE90C0}
		{CDEF4BD9-A54F-4080-92A1-927B5FACE59E} = {4A2CA3DC-2082-42F2-B3FA-67B203397DDB}
		{AC949E49-87ED-4A4E-B646-41F42A2DC2AC} = {4A2CA3DC-2082-42F2-B3FA-67B203397DDB}
		{E8382516-DB8F-4537-9131-F7ACA1791C6C} = {90118215-CC2F-44A3-A214-43548BA5AF4A}
		{BD0CB82E-C81E-4043-9EB7-64BE0E87AD17} = {E8382516-DB8F-4537-9131-F7ACA1791C6C}
		{6F3C3BA6-30B7-4955-8D51-2C2C31CE1357} = {90118215-CC2F-44A3-A214-43548BA5AF4A}
		{CAEA6ADD-7EC3-4212-84FC-4BBD92003F1A} = {6F3C3BA6-30B7-4955-8D51-2C2C31CE1357}
		{C9083F16-7593-4228-8757-FD915207953B} = {6F3C3BA6-30B7-4955-8D51-2C2C31CE1357}
		{9136D849-E2E7-4F75-8987-F07250447AE7} = {6F3C3BA6-30B7-4955-8D51-2C2C31CE1357}
		{9331582C-7E43-4B63-901A-13FF4E1ACA5E} = {90118215-CC2F-44A3-A214-43548BA5AF4A}
		{DB5247BE-71E0-4F5B-8B8D-AFD3D60C5CC4} = {9331582C-7E43-4B63-901A-13FF4E1ACA5E}
		{600A2158-A297-4F5C-AFFF-64920DF4D473} = {90118215-CC2F-44A3-A214-43548BA5AF4A}
		{039A51C9-E4E2-41C2-8A73-91DF5A2DBE88} = {600A2158-A297-4F5C-AFFF-64920DF4D473}
		{B94D5E30-B500-41E5-9721-8AF13C8D5E4D} = {400DF086-A9AA-47D3-A2DF-195624A802D8}
		{400DF086-A9AA-47D3-A2DF-195624A802D8} = {9E140917-32C7-4677-A614-910B66BABB90}
		{B635AD1C-D99A-4150-8BAD-F1B6D35F225D} = {400DF086-A9AA-47D3-A2DF-195624A802D8}
		{C6B94798-7DBC-4013-9F71-53BC6359DBF6} = {400DF086-A9AA-47D3-A2DF-195624A802D8}
		{7FEF7A11-1FEA-477D-BFA7-CC73E29FAAF9} = {400DF086-A9AA-47D3-A2DF-195624A802D8}
		{D6DAC190-D026-48AC-BC44-F9828DC48FDD} = {90B44DDA-2CAF-4D81-8CC8-81712717A70C}
		{EE33E836-C2A9-4D4F-B59D-D71EF4FA8C2E} = {6F3C3BA6-30B7-4955-8D51-2C2C31CE1357}
		{D105150F-F215-48E8-898F-5485C20239FB} = {6F3C3BA6-30B7-4955-8D51-2C2C31CE1357}
		{535F46BB-F00B-4048-AA31-870C18494EA7} = {400DF086-A9AA-47D3-A2DF-195624A802D8}
		{0D0344BC-8255-418C-B189-8BAFB96C2426} = {61023E70-DE99-4230-A278-1ECBE2844320}
	EndGlobalSection
	GlobalSection(ExtensibilityGlobals) = postSolution
		SolutionGuid = {48D4C4BC-746F-4767-959F-CB1A9FAD11C8}
	EndGlobalSection
EndGlobal
